
Microsoft Visual Studio Solution File, Format Version 12.00
# Visual Studio Version 17
VisualStudioVersion = 17.3.32922.545
MinimumVisualStudioVersion = 10.0.40219.1
Project("{FAE04EC0-301F-11D3-BF4B-00C04F79EFBC}") = "WebAPI", "WebAPI\WebAPI.csproj", "{A8194AE7-BF74-4925-8B22-74E084BFCDE9}"
EndProject
Global
	GlobalSection(SolutionConfigurationPlatforms) = preSolution
		Debug|Any CPU = Debug|Any CPU
		Release|Any CPU = Release|Any CPU
	EndGlobalSection
	GlobalSection(ProjectConfigurationPlatforms) = postSolution
		{A8194AE7-BF74-4925-8B22-74E084BFCDE9}.Debug|Any CPU.ActiveCfg = Debug|Any CPU
		{A8194AE7-BF74-4925-8B22-74E084BFCDE9}.Debug|Any CPU.Build.0 = Debug|Any CPU
		{A8194AE7-BF74-4925-8B22-74E084BFCDE9}.Release|Any CPU.ActiveCfg = Release|Any CPU
		{A8194AE7-BF74-4925-8B22-74E084BFCDE9}.Release|Any CPU.Build.0 = Release|Any CPU
	EndGlobalSection
	GlobalSection(SolutionProperties) = preSolution
		HideSolutionNode = FALSE
	EndGlobalSection
	GlobalSection(ExtensibilityGlobals) = postSolution
		SolutionGuid = {3FE3D50B-2166-4D05-9B5B-E7974C40FE1A}
	EndGlobalSection
EndGlobal
